
Microsoft Visual Studio Solution File, Format Version 12.00
# Visual Studio 14
VisualStudioVersion = 14.0.25420.1
MinimumVisualStudioVersion = 10.0.40219.1
Project("{FAE04EC0-301F-11D3-BF4B-00C04F79EFBC}") = "Practice9.1 - Countdown-timer program", "Practice9.1 - Countdown-timer program\Practice9.1 - Countdown-timer program.csproj", "{4BFE1319-DC94-4A7D-8969-11851CDBE8FF}"
EndProject
Global
	GlobalSection(SolutionConfigurationPlatforms) = preSolution
		Debug|Any CPU = Debug|Any CPU
		Release|Any CPU = Release|Any CPU
	EndGlobalSection
	GlobalSection(ProjectConfigurationPlatforms) = postSolution
		{4BFE1319-DC94-4A7D-8969-11851CDBE8FF}.Debug|Any CPU.ActiveCfg = Debug|Any CPU
		{4BFE1319-DC94-4A7D-8969-11851CDBE8FF}.Debug|Any CPU.Build.0 = Debug|Any CPU
		{4BFE1319-DC94-4A7D-8969-11851CDBE8FF}.Release|Any CPU.ActiveCfg = Release|Any CPU
		{4BFE1319-DC94-4A7D-8969-11851CDBE8FF}.Release|Any CPU.Build.0 = Release|Any CPU
	EndGlobalSection
	GlobalSection(SolutionProperties) = preSolution
		HideSolutionNode = FALSE
	EndGlobalSection
EndGlobal
