
Microsoft Visual Studio Solution File, Format Version 12.00
# Visual Studio 14
VisualStudioVersion = 14.0.25420.1
MinimumVisualStudioVersion = 10.0.40219.1
Project("{FAE04EC0-301F-11D3-BF4B-00C04F79EFBC}") = "Practice 14.1 - Datagridview", "Practice 14.1 - Datagridview\Practice 14.1 - Datagridview.csproj", "{5DDBD65F-76CF-4869-8650-68254411D035}"
EndProject
Global
	GlobalSection(SolutionConfigurationPlatforms) = preSolution
		Debug|Any CPU = Debug|Any CPU
		Release|Any CPU = Release|Any CPU
	EndGlobalSection
	GlobalSection(ProjectConfigurationPlatforms) = postSolution
		{5DDBD65F-76CF-4869-8650-68254411D035}.Debug|Any CPU.ActiveCfg = Debug|Any CPU
		{5DDBD65F-76CF-4869-8650-68254411D035}.Debug|Any CPU.Build.0 = Debug|Any CPU
		{5DDBD65F-76CF-4869-8650-68254411D035}.Release|Any CPU.ActiveCfg = Release|Any CPU
		{5DDBD65F-76CF-4869-8650-68254411D035}.Release|Any CPU.Build.0 = Release|Any CPU
	EndGlobalSection
	GlobalSection(SolutionProperties) = preSolution
		HideSolutionNode = FALSE
	EndGlobalSection
EndGlobal
